
Microsoft Visual Studio Solution File, Format Version 12.00
# Visual Studio 15
VisualStudioVersion = 15.0.28307.106
MinimumVisualStudioVersion = 10.0.40219.1
Project("{6989167D-11E4-40FE-8C1A-2192A86A7E90}") = "Orbits", "Orbits\Orbits.vfproj", "{09CC3329-81F9-46CA-8C74-D6E40D406B46}"
EndProject
Global
	GlobalSection(SolutionConfigurationPlatforms) = preSolution
		Debug|x86 = Debug|x86
		Release|x86 = Release|x86
	EndGlobalSection
	GlobalSection(ProjectConfigurationPlatforms) = postSolution
		{09CC3329-81F9-46CA-8C74-D6E40D406B46}.Debug|x86.ActiveCfg = Debug|Win32
		{09CC3329-81F9-46CA-8C74-D6E40D406B46}.Debug|x86.Build.0 = Debug|Win32
		{09CC3329-81F9-46CA-8C74-D6E40D406B46}.Release|x86.ActiveCfg = Release|Win32
		{09CC3329-81F9-46CA-8C74-D6E40D406B46}.Release|x86.Build.0 = Release|Win32
	EndGlobalSection
	GlobalSection(SolutionProperties) = preSolution
		HideSolutionNode = FALSE
	EndGlobalSection
	GlobalSection(ExtensibilityGlobals) = postSolution
		SolutionGuid = {801C1DB0-F3B0-4661-ACDF-F9CACC5253C7}
	EndGlobalSection
EndGlobal
